
Microsoft Visual Studio Solution File, Format Version 12.00
# Visual Studio Version 16
VisualStudioVersion = 16.0.31004.235
MinimumVisualStudioVersion = 10.0.40219.1
Project("{9A19103F-16F7-4668-BE54-9A1E7A4F7556}") = "Walter.Web.CypherTests", "SamplesUsingMsTest\Walter.Web.CypherTests.csproj", "{82F42E1C-482F-4F50-84B7-3D40A1F18226}"
EndProject
Global
	GlobalSection(SolutionConfigurationPlatforms) = preSolution
		Debug|Any CPU = Debug|Any CPU
		Release|Any CPU = Release|Any CPU
	EndGlobalSection
	GlobalSection(ProjectConfigurationPlatforms) = postSolution
		{82F42E1C-482F-4F50-84B7-3D40A1F18226}.Debug|Any CPU.ActiveCfg = Debug|Any CPU
		{82F42E1C-482F-4F50-84B7-3D40A1F18226}.Debug|Any CPU.Build.0 = Debug|Any CPU
		{82F42E1C-482F-4F50-84B7-3D40A1F18226}.Release|Any CPU.ActiveCfg = Release|Any CPU
		{82F42E1C-482F-4F50-84B7-3D40A1F18226}.Release|Any CPU.Build.0 = Release|Any CPU
	EndGlobalSection
	GlobalSection(SolutionProperties) = preSolution
		HideSolutionNode = FALSE
	EndGlobalSection
	GlobalSection(ExtensibilityGlobals) = postSolution
		SolutionGuid = {BBD84358-328C-43DD-BC23-2D374C3C75A3}
	EndGlobalSection
EndGlobal
